
Microsoft Visual Studio Solution File, Format Version 12.00
# Visual Studio Version 17
VisualStudioVersion = 17.11.35222.181
MinimumVisualStudioVersion = 10.0.40219.1
Project("{FAE04EC0-301F-11D3-BF4B-00C04F79EFBC}") = "Dino", "Dino.csproj", "{75287A6B-BCBA-49AE-9100-CD6138AB1084}"
EndProject
Global
	GlobalSection(SolutionConfigurationPlatforms) = preSolution
		Debug|Any CPU = Debug|Any CPU
		Release|Any CPU = Release|Any CPU
	EndGlobalSection
	GlobalSection(ProjectConfigurationPlatforms) = postSolution
		{75287A6B-BCBA-49AE-9100-CD6138AB1084}.Debug|Any CPU.ActiveCfg = Debug|Any CPU
		{75287A6B-BCBA-49AE-9100-CD6138AB1084}.Debug|Any CPU.Build.0 = Debug|Any CPU
		{75287A6B-BCBA-49AE-9100-CD6138AB1084}.Release|Any CPU.ActiveCfg = Release|Any CPU
		{75287A6B-BCBA-49AE-9100-CD6138AB1084}.Release|Any CPU.Build.0 = Release|Any CPU
	EndGlobalSection
	GlobalSection(SolutionProperties) = preSolution
		HideSolutionNode = FALSE
	EndGlobalSection
	GlobalSection(ExtensibilityGlobals) = postSolution
		SolutionGuid = {A8533847-CD10-4DB4-BC95-C3FABF5329B4}
	EndGlobalSection
EndGlobal
